
Microsoft Visual Studio Solution File, Format Version 12.00
# Visual Studio 15
VisualStudioVersion = 15.0.26730.12
MinimumVisualStudioVersion = 10.0.40219.1
Project("{FAE04EC0-301F-11D3-BF4B-00C04F79EFBC}") = "MissionSite", "MissionSite\MissionSite.csproj", "{B1B3330F-FDD8-47F9-BCEB-F366462C372D}"
EndProject
Global
	GlobalSection(SolutionConfigurationPlatforms) = preSolution
		Debug|Any CPU = Debug|Any CPU
		Release|Any CPU = Release|Any CPU
	EndGlobalSection
	GlobalSection(ProjectConfigurationPlatforms) = postSolution
		{B1B3330F-FDD8-47F9-BCEB-F366462C372D}.Debug|Any CPU.ActiveCfg = Debug|Any CPU
		{B1B3330F-FDD8-47F9-BCEB-F366462C372D}.Debug|Any CPU.Build.0 = Debug|Any CPU
		{B1B3330F-FDD8-47F9-BCEB-F366462C372D}.Release|Any CPU.ActiveCfg = Release|Any CPU
		{B1B3330F-FDD8-47F9-BCEB-F366462C372D}.Release|Any CPU.Build.0 = Release|Any CPU
	EndGlobalSection
	GlobalSection(SolutionProperties) = preSolution
		HideSolutionNode = FALSE
	EndGlobalSection
	GlobalSection(ExtensibilityGlobals) = postSolution
		SolutionGuid = {8796CB8A-0FA6-46EA-81B1-A6FF427BB3EE}
	EndGlobalSection
EndGlobal
